
Microsoft Visual Studio Solution File, Format Version 12.00
# Visual Studio Version 17
VisualStudioVersion = 17.9.34728.123
MinimumVisualStudioVersion = 10.0.40219.1
Project("{FAE04EC0-301F-11D3-BF4B-00C04F79EFBC}") = "LadosTriangulo", "LadosTriangulo\LadosTriangulo.csproj", "{E4B03805-0159-4C21-9659-3C9D3686B6DC}"
EndProject
Global
	GlobalSection(SolutionConfigurationPlatforms) = preSolution
		Debug|Any CPU = Debug|Any CPU
		Release|Any CPU = Release|Any CPU
	EndGlobalSection
	GlobalSection(ProjectConfigurationPlatforms) = postSolution
		{E4B03805-0159-4C21-9659-3C9D3686B6DC}.Debug|Any CPU.ActiveCfg = Debug|Any CPU
		{E4B03805-0159-4C21-9659-3C9D3686B6DC}.Debug|Any CPU.Build.0 = Debug|Any CPU
		{E4B03805-0159-4C21-9659-3C9D3686B6DC}.Release|Any CPU.ActiveCfg = Release|Any CPU
		{E4B03805-0159-4C21-9659-3C9D3686B6DC}.Release|Any CPU.Build.0 = Release|Any CPU
	EndGlobalSection
	GlobalSection(SolutionProperties) = preSolution
		HideSolutionNode = FALSE
	EndGlobalSection
	GlobalSection(ExtensibilityGlobals) = postSolution
		SolutionGuid = {1A79043A-585B-4846-8EAB-E546527B6716}
	EndGlobalSection
EndGlobal
